{
  "name": "inktide",
  "version": "1.0.0",
  "lockfileVersion": 3,
  "requires": true,
  "packages": {
    "": {
      "name": "inktide",
      "version": "1.0.0",
      "devDependencies": {
        "@fontsource/baloo-2": "^5.3.0",
        "@fontsource/bungee": "^5.3.0",
        "@fontsource/lilita-one": "^5.3.0",
        "@fontsource/rubik-wet-paint": "^5.3.0",
        "playwright": "^1.63.0",
        "three": "^0.186.1",
        "three-mesh-bvh": "^0.9.15"
      }
    },
    "node_modules/@fontsource/baloo-2": {
      "version": "5.3.0",
      "resolved": "https://registry.npmjs.org/@fontsource/baloo-2/-/baloo-2-5.3.0.tgz",
      "integrity": "sha512-CBuxZ27jvMmD5+KaaPkMWv/yjdRNppVAd5/002yAyvyQyLNL3aZCbkx6gbAT/bjxPd1A0VMdDQjfcELI8chccQ==",
      "dev": true,
      "license": "OFL-1.1",
      "funding": {
        "url": "https://github.com/sponsors/ayuhito"
      }
    },
    "node_modules/@fontsource/bungee": {
      "version": "5.3.0",
      "resolved": "https://registry.npmjs.org/@fontsource/bungee/-/bungee-5.3.0.tgz",
      "integrity": "sha512-vKwbDE7yMrqfGxgFan+diPLwgWp9j4FGYaLm+OhUoqYO6Pr02QIi/p0KiTW0E/7uiXqfTd6cMj+/E4h2sc3Ocg==",
      "dev": true,
      "license": "OFL-1.1",
      "funding": {
        "url": "https://github.com/sponsors/ayuhito"
      }
    },
    "node_modules/@fontsource/lilita-one": {
      "version": "5.3.0",
      "resolved": "https://registry.npmjs.org/@fontsource/lilita-one/-/lilita-one-5.3.0.tgz",
      "integrity": "sha512-bNW3tD+m5pOsAQpW/NvtRbFthFe+B73hDJK2DLLCFCtF+1p+UMBgo7ibxdcb9Sftr06LKAVbt080wiMdSqGbOg==",
      "dev": true,
      "license": "OFL-1.1",
      "funding": {
        "url": "https://github.com/sponsors/ayuhito"
      }
    },
    "node_modules/@fontsource/rubik-wet-paint": {
      "version": "5.3.0",
      "resolved": "https://registry.npmjs.org/@fontsource/rubik-wet-paint/-/rubik-wet-paint-5.3.0.tgz",
      "integrity": "sha512-nPEMWjlPzZgXd8E1N5zXJuIYfjjuKEa209rhEaTLlVZJAklmtGOPIauUuTT0U0m4nDPR8BOFd0WZoaru8plTMg==",
      "dev": true,
      "license": "OFL-1.1",
      "funding": {
        "url": "https://github.com/sponsors/ayuhito"
      }
    },
    "node_modules/playwright": {
      "version": "1.63.0",
      "resolved": "https://registry.npmjs.org/playwright/-/playwright-1.63.0.tgz",
      "integrity": "sha512-+7ziBLidS4NaNCdt57SUDT+wYmmd5fmiQejUic/kb+YsYSCPyOOE9sebzMjNmQrsnNpDJqd4WHvV/8lfKfUDUg==",
      "dev": true,
      "license": "Apache-2.0",
      "dependencies": {
        "playwright-core": "1.63.0"
      },
      "bin": {
        "playwright": "cli.js"
      },
      "engines": {
        "node": ">=20"
      }
    },
    "node_modules/playwright-core": {
      "version": "1.63.0",
      "resolved": "https://registry.npmjs.org/playwright-core/-/playwright-core-1.63.0.tgz",
      "integrity": "sha512-rYCsBF/M5HjUch52bbtVONEFjv6Xu8sm8h72dNlR5bzIE1fvC/bxgspzkjSfU+MweEMmPM8KJebG6nnyxo5mCg==",
      "dev": true,
      "license": "Apache-2.0",
      "bin": {
        "playwright-core": "cli.js"
      },
      "engines": {
        "node": ">=20"
      }
    },
    "node_modules/three": {
      "version": "0.186.1",
      "resolved": "https://registry.npmjs.org/three/-/three-0.186.1.tgz",
      "integrity": "sha512-blFeqb49wRCSGUGj7gtpfnSGHy2lwDk94RhUmS1c/hTby70kvChbWpkJ4Pm1390LqzzvTmzgXKHPEafJwCb8jA==",
      "dev": true,
      "license": "MIT"
    },
    "node_modules/three-mesh-bvh": {
      "version": "0.9.15",
      "resolved": "https://registry.npmjs.org/three-mesh-bvh/-/three-mesh-bvh-0.9.15.tgz",
      "integrity": "sha512-9xdEDkCzFoT8VPFH9DznwFSdbaIEjMvM106Iqq7TJurrIheUKDcdW4prfJTCxryih4XS/UxWs0H3K4MLMRFyOQ==",
      "dev": true,
      "license": "MIT",
      "peerDependencies": {
        "three": ">= 0.159.0"
      }
    }
  }
}
